// !$*UTF8*$!
{
	archiveVersion = 1;
	classes = {
	};
	objectVersion = 48;
	objects = {

/* Begin PBXBuildFile section */
		02D25E97BD9934614EF4ABB1 /* Pods_TaskItTests.framework in Frameworks */ = {isa = PBXBuildFile; fileRef = 8112960551C27925940838C1 /* Pods_TaskItTests.framework */; };
		082D628B5D47250F5BDB2844 /* Pods_TaskIt.framework in Frameworks */ = {isa = PBXBuildFile; fileRef = 947C45ACBF3C62356C48F8DA /* Pods_TaskIt.framework */; };
		817B60332097803B003CAF5F /* StatsView.swift in Sources */ = {isa = PBXBuildFile; fileRef = 817B60322097803B003CAF5F /* StatsView.swift */; };
		817B603B209FC12A003CAF5F /* UIImage+Insets.swift in Sources */ = {isa = PBXBuildFile; fileRef = 817B603A209FC12A003CAF5F /* UIImage+Insets.swift */; };
		817B603D209FC4A5003CAF5F /* UIFont+CustomFonts.swift in Sources */ = {isa = PBXBuildFile; fileRef = 817B603C209FC4A5003CAF5F /* UIFont+CustomFonts.swift */; };
		817B603F20A00D86003CAF5F /* HistoryView.swift in Sources */ = {isa = PBXBuildFile; fileRef = 817B603E20A00D86003CAF5F /* HistoryView.swift */; };
		817B604120A00E69003CAF5F /* HistoryCollectionViewCell.swift in Sources */ = {isa = PBXBuildFile; fileRef = 817B604020A00E69003CAF5F /* HistoryCollectionViewCell.swift */; };
		817B605620A29862003CAF5F /* ProjectHistoryViewController.swift in Sources */ = {isa = PBXBuildFile; fileRef = 817B605520A29862003CAF5F /* ProjectHistoryViewController.swift */; };
		D51435C4203A3C3E00016DD3 /* Task.swift in Sources */ = {isa = PBXBuildFile; fileRef = D51435C3203A3C3E00016DD3 /* Task.swift */; };
		D5185BB2205709B200140395 /* TapRecognizingView.swift in Sources */ = {isa = PBXBuildFile; fileRef = D5185BB1205709B200140395 /* TapRecognizingView.swift */; };
		D51D2C3B203B6A6C00AA371C /* RealmFactory.swift in Sources */ = {isa = PBXBuildFile; fileRef = D51D2C3A203B6A6C00AA371C /* RealmFactory.swift */; };
		D51D2C3E203B6D1400AA371C /* Observable+SubscribeNext.swift in Sources */ = {isa = PBXBuildFile; fileRef = D51D2C3D203B6D1400AA371C /* Observable+SubscribeNext.swift */; };
		D51D2C41203B705900AA371C /* DispatchQueue+OnMain.swift in Sources */ = {isa = PBXBuildFile; fileRef = D51D2C40203B705900AA371C /* DispatchQueue+OnMain.swift */; };
		D51D2C44203B9FA100AA371C /* DashboardDetailViewController.swift in Sources */ = {isa = PBXBuildFile; fileRef = D51D2C43203B9FA100AA371C /* DashboardDetailViewController.swift */; };
		D51D2C47203BA78B00AA371C /* GraphView.swift in Sources */ = {isa = PBXBuildFile; fileRef = D51D2C46203BA78B00AA371C /* GraphView.swift */; };
		D51D2C4A203BA7E900AA371C /* UIColor+Hex.swift in Sources */ = {isa = PBXBuildFile; fileRef = D51D2C49203BA7E900AA371C /* UIColor+Hex.swift */; };
		D546C3B220952BC50011C88A /* ProjectCompletionViewController.swift in Sources */ = {isa = PBXBuildFile; fileRef = D546C3B120952BC50011C88A /* ProjectCompletionViewController.swift */; };
		D546C3B4209648590011C88A /* EmbedCoordinator.swift in Sources */ = {isa = PBXBuildFile; fileRef = D546C3B3209648590011C88A /* EmbedCoordinator.swift */; };
		D546C3B6209675020011C88A /* GradientView.swift in Sources */ = {isa = PBXBuildFile; fileRef = D546C3B5209675020011C88A /* GradientView.swift */; };
		D5510F4320719ABE00682E62 /* TaskStateShuffleView.swift in Sources */ = {isa = PBXBuildFile; fileRef = D5510F4220719ABE00682E62 /* TaskStateShuffleView.swift */; };
		D5510F452071A89900682E62 /* AnimationConstraints.swift in Sources */ = {isa = PBXBuildFile; fileRef = D5510F442071A89900682E62 /* AnimationConstraints.swift */; };
		D5510F472071BD9E00682E62 /* TaskUpdateViewController+ViewModel.swift in Sources */ = {isa = PBXBuildFile; fileRef = D5510F462071BD9E00682E62 /* TaskUpdateViewController+ViewModel.swift */; };
		D56443C720868C560067DD23 /* AllTasksManagingViewController.swift in Sources */ = {isa = PBXBuildFile; fileRef = D56443C620868C560067DD23 /* AllTasksManagingViewController.swift */; };
		D56443C92086A10B0067DD23 /* TasksHeaderView.swift in Sources */ = {isa = PBXBuildFile; fileRef = D56443C82086A10B0067DD23 /* TasksHeaderView.swift */; };
		D566DE99200C6EF500A8DDA0 /* AppDelegate.swift in Sources */ = {isa = PBXBuildFile; fileRef = D566DE98200C6EF500A8DDA0 /* AppDelegate.swift */; };
		D566DE9B200C6EF500A8DDA0 /* DashboardBaseViewController.swift in Sources */ = {isa = PBXBuildFile; fileRef = D566DE9A200C6EF500A8DDA0 /* DashboardBaseViewController.swift */; };
		D566DE9E200C6EF500A8DDA0 /* Main.storyboard in Resources */ = {isa = PBXBuildFile; fileRef = D566DE9C200C6EF500A8DDA0 /* Main.storyboard */; };
		D566DEA0200C6EF500A8DDA0 /* Assets.xcassets in Resources */ = {isa = PBXBuildFile; fileRef = D566DE9F200C6EF500A8DDA0 /* Assets.xcassets */; };
		D566DEA3200C6EF500A8DDA0 /* LaunchScreen.storyboard in Resources */ = {isa = PBXBuildFile; fileRef = D566DEA1200C6EF500A8DDA0 /* LaunchScreen.storyboard */; };
		D566DEAE200C6EF500A8DDA0 /* TaskItTests.swift in Sources */ = {isa = PBXBuildFile; fileRef = D566DEAD200C6EF500A8DDA0 /* TaskItTests.swift */; };
		D5884B2420731D7E00B5FDF5 /* SprintConfirmationViewController.swift in Sources */ = {isa = PBXBuildFile; fileRef = D5884B2320731D7E00B5FDF5 /* SprintConfirmationViewController.swift */; };
		D5AC2F8D204C52540063688D /* ProjectOperations.swift in Sources */ = {isa = PBXBuildFile; fileRef = D5AC2F8C204C52540063688D /* ProjectOperations.swift */; };
		D5AC2F8F204C64D50063688D /* SprintSetUpIndicatorView.swift in Sources */ = {isa = PBXBuildFile; fileRef = D5AC2F8E204C64D50063688D /* SprintSetUpIndicatorView.swift */; };
		D5AF0541203EFDBF009BBF6D /* ProjectCreationViewController.swift in Sources */ = {isa = PBXBuildFile; fileRef = D5AF0540203EFDBF009BBF6D /* ProjectCreationViewController.swift */; };
		D5C5F9A8205EDF31008F16C8 /* SprintSetUpViewController.swift in Sources */ = {isa = PBXBuildFile; fileRef = D5C5F9A7205EDF31008F16C8 /* SprintSetUpViewController.swift */; };
		D5E20E172068045B004ED500 /* TaskUpdateViewController.swift in Sources */ = {isa = PBXBuildFile; fileRef = D5E20E162068045B004ED500 /* TaskUpdateViewController.swift */; };
		D5E20E1920681418004ED500 /* HourSelectionTableViewCell.swift in Sources */ = {isa = PBXBuildFile; fileRef = D5E20E1820681418004ED500 /* HourSelectionTableViewCell.swift */; };
		D5E8749E203FA35700FEA751 /* DatabaseProxy.swift in Sources */ = {isa = PBXBuildFile; fileRef = D5E8749D203FA35700FEA751 /* DatabaseProxy.swift */; };
		D5E874A0203FB99C00FEA751 /* TaskTableViewCell.swift in Sources */ = {isa = PBXBuildFile; fileRef = D5E8749F203FB99C00FEA751 /* TaskTableViewCell.swift */; };
		D5E874A2203FE79A00FEA751 /* TaskCreationViewController.swift in Sources */ = {isa = PBXBuildFile; fileRef = D5E874A1203FE79A00FEA751 /* TaskCreationViewController.swift */; };
		D5E874A42043925700FEA751 /* ViewControllerLifeCycleState.swift in Sources */ = {isa = PBXBuildFile; fileRef = D5E874A32043925700FEA751 /* ViewControllerLifeCycleState.swift */; };
		D5F179052077137B008DE8E8 /* Updates.swift in Sources */ = {isa = PBXBuildFile; fileRef = D5F179042077137B008DE8E8 /* Updates.swift */; };
		D5F17907207853B3008DE8E8 /* UITableView+TableViewUpdates.swift in Sources */ = {isa = PBXBuildFile; fileRef = D5F17906207853B3008DE8E8 /* UITableView+TableViewUpdates.swift */; };
/* End PBXBuildFile section */

/* Begin PBXContainerItemProxy section */
		D566DEAA200C6EF500A8DDA0 /* PBXContainerItemProxy */ = {
			isa = PBXContainerItemProxy;
			containerPortal = D566DE8D200C6EF500A8DDA0 /* Project object */;
			proxyType = 1;
			remoteGlobalIDString = D566DE94200C6EF500A8DDA0;
			remoteInfo = TaskIt;
		};
/* End PBXContainerItemProxy section */

/* Begin PBXFileReference section */
		1BD961BB742161D3DCD537CC /* Pods-TaskIt.debug.xcconfig */ = {isa = PBXFileReference; includeInIndex = 1; lastKnownFileType = text.xcconfig; name = "Pods-TaskIt.debug.xcconfig"; path = "Pods/Target Support Files/Pods-TaskIt/Pods-TaskIt.debug.xcconfig"; sourceTree = "<group>"; };
		8112960551C27925940838C1 /* Pods_TaskItTests.framework */ = {isa = PBXFileReference; explicitFileType = wrapper.framework; includeInIndex = 0; path = Pods_TaskItTests.framework; sourceTree = BUILT_PRODUCTS_DIR; };
		817B60322097803B003CAF5F /* StatsView.swift */ = {isa = PBXFileReference; lastKnownFileType = sourcecode.swift; path = StatsView.swift; sourceTree = "<group>"; };
		817B603A209FC12A003CAF5F /* UIImage+Insets.swift */ = {isa = PBXFileReference; lastKnownFileType = sourcecode.swift; path = "UIImage+Insets.swift"; sourceTree = "<group>"; };
		817B603C209FC4A5003CAF5F /* UIFont+CustomFonts.swift */ = {isa = PBXFileReference; lastKnownFileType = sourcecode.swift; path = "UIFont+CustomFonts.swift"; sourceTree = "<group>"; };
		817B603E20A00D86003CAF5F /* HistoryView.swift */ = {isa = PBXFileReference; lastKnownFileType = sourcecode.swift; path = HistoryView.swift; sourceTree = "<group>"; };
		817B604020A00E69003CAF5F /* HistoryCollectionViewCell.swift */ = {isa = PBXFileReference; lastKnownFileType = sourcecode.swift; path = HistoryCollectionViewCell.swift; sourceTree = "<group>"; };
		817B605520A29862003CAF5F /* ProjectHistoryViewController.swift */ = {isa = PBXFileReference; lastKnownFileType = sourcecode.swift; path = ProjectHistoryViewController.swift; sourceTree = "<group>"; };
		947C45ACBF3C62356C48F8DA /* Pods_TaskIt.framework */ = {isa = PBXFileReference; explicitFileType = wrapper.framework; includeInIndex = 0; path = Pods_TaskIt.framework; sourceTree = BUILT_PRODUCTS_DIR; };
		BC8984AB912EE7EE431B08B6 /* Pods-TaskItTests.debug.xcconfig */ = {isa = PBXFileReference; includeInIndex = 1; lastKnownFileType = text.xcconfig; name = "Pods-TaskItTests.debug.xcconfig"; path = "Pods/Target Support Files/Pods-TaskItTests/Pods-TaskItTests.debug.xcconfig"; sourceTree = "<group>"; };
		D51435C3203A3C3E00016DD3 /* Task.swift */ = {isa = PBXFileReference; lastKnownFileType = sourcecode.swift; path = Task.swift; sourceTree = "<group>"; };
		D5185BB1205709B200140395 /* TapRecognizingView.swift */ = {isa = PBXFileReference; lastKnownFileType = sourcecode.swift; path = TapRecognizingView.swift; sourceTree = "<group>"; };
		D51D2C3A203B6A6C00AA371C /* RealmFactory.swift */ = {isa = PBXFileReference; lastKnownFileType = sourcecode.swift; path = RealmFactory.swift; sourceTree = "<group>"; };
		D51D2C3D203B6D1400AA371C /* Observable+SubscribeNext.swift */ = {isa = PBXFileReference; lastKnownFileType = sourcecode.swift; path = "Observable+SubscribeNext.swift"; sourceTree = "<group>"; };
		D51D2C40203B705900AA371C /* DispatchQueue+OnMain.swift */ = {isa = PBXFileReference; lastKnownFileType = sourcecode.swift; path = "DispatchQueue+OnMain.swift"; sourceTree = "<group>"; };
		D51D2C43203B9FA100AA371C /* DashboardDetailViewController.swift */ = {isa = PBXFileReference; lastKnownFileType = sourcecode.swift; path = DashboardDetailViewController.swift; sourceTree = "<group>"; };
		D51D2C46203BA78B00AA371C /* GraphView.swift */ = {isa = PBXFileReference; lastKnownFileType = sourcecode.swift; path = GraphView.swift; sourceTree = "<group>"; };
		D51D2C49203BA7E900AA371C /* UIColor+Hex.swift */ = {isa = PBXFileReference; lastKnownFileType = sourcecode.swift; path = "UIColor+Hex.swift"; sourceTree = "<group>"; };
		D546C3B120952BC50011C88A /* ProjectCompletionViewController.swift */ = {isa = PBXFileReference; lastKnownFileType = sourcecode.swift; path = ProjectCompletionViewController.swift; sourceTree = "<group>"; };
		D546C3B3209648590011C88A /* EmbedCoordinator.swift */ = {isa = PBXFileReference; lastKnownFileType = sourcecode.swift; path = EmbedCoordinator.swift; sourceTree = "<group>"; };
		D546C3B5209675020011C88A /* GradientView.swift */ = {isa = PBXFileReference; lastKnownFileType = sourcecode.swift; path = GradientView.swift; sourceTree = "<group>"; };
		D5510F4220719ABE00682E62 /* TaskStateShuffleView.swift */ = {isa = PBXFileReference; lastKnownFileType = sourcecode.swift; path = TaskStateShuffleView.swift; sourceTree = "<group>"; };
		D5510F442071A89900682E62 /* AnimationConstraints.swift */ = {isa = PBXFileReference; lastKnownFileType = sourcecode.swift; path = AnimationConstraints.swift; sourceTree = "<group>"; };
		D5510F462071BD9E00682E62 /* TaskUpdateViewController+ViewModel.swift */ = {isa = PBXFileReference; lastKnownFileType = sourcecode.swift; path = "TaskUpdateViewController+ViewModel.swift"; sourceTree = "<group>"; };
		D56443C620868C560067DD23 /* AllTasksManagingViewController.swift */ = {isa = PBXFileReference; lastKnownFileType = sourcecode.swift; path = AllTasksManagingViewController.swift; sourceTree = "<group>"; };
		D56443C82086A10B0067DD23 /* TasksHeaderView.swift */ = {isa = PBXFileReference; lastKnownFileType = sourcecode.swift; path = TasksHeaderView.swift; sourceTree = "<group>"; };
		D566DE95200C6EF500A8DDA0 /* TaskIt.app */ = {isa = PBXFileReference; explicitFileType = wrapper.application; includeInIndex = 0; path = TaskIt.app; sourceTree = BUILT_PRODUCTS_DIR; };
		D566DE98200C6EF500A8DDA0 /* AppDelegate.swift */ = {isa = PBXFileReference; lastKnownFileType = sourcecode.swift; path = AppDelegate.swift; sourceTree = "<group>"; };
		D566DE9A200C6EF500A8DDA0 /* DashboardBaseViewController.swift */ = {isa = PBXFileReference; lastKnownFileType = sourcecode.swift; path = DashboardBaseViewController.swift; sourceTree = "<group>"; };
		D566DE9D200C6EF500A8DDA0 /* Base */ = {isa = PBXFileReference; lastKnownFileType = file.storyboard; name = Base; path = Base.lproj/Main.storyboard; sourceTree = "<group>"; };
		D566DE9F200C6EF500A8DDA0 /* Assets.xcassets */ = {isa = PBXFileReference; lastKnownFileType = folder.assetcatalog; path = Assets.xcassets; sourceTree = "<group>"; };
		D566DEA2200C6EF500A8DDA0 /* Base */ = {isa = PBXFileReference; lastKnownFileType = file.storyboard; name = Base; path = Base.lproj/LaunchScreen.storyboard; sourceTree = "<group>"; };
		D566DEA4200C6EF500A8DDA0 /* Info.plist */ = {isa = PBXFileReference; lastKnownFileType = text.plist.xml; path = Info.plist; sourceTree = "<group>"; };
		D566DEA9200C6EF500A8DDA0 /* TaskItTests.xctest */ = {isa = PBXFileReference; explicitFileType = wrapper.cfbundle; includeInIndex = 0; path = TaskItTests.xctest; sourceTree = BUILT_PRODUCTS_DIR; };
		D566DEAD200C6EF500A8DDA0 /* TaskItTests.swift */ = {isa = PBXFileReference; lastKnownFileType = sourcecode.swift; path = TaskItTests.swift; sourceTree = "<group>"; };
		D566DEAF200C6EF500A8DDA0 /* Info.plist */ = {isa = PBXFileReference; lastKnownFileType = text.plist.xml; path = Info.plist; sourceTree = "<group>"; };
		D5884B2320731D7E00B5FDF5 /* SprintConfirmationViewController.swift */ = {isa = PBXFileReference; lastKnownFileType = sourcecode.swift; path = SprintConfirmationViewController.swift; sourceTree = "<group>"; };
		D5AC2F8C204C52540063688D /* ProjectOperations.swift */ = {isa = PBXFileReference; lastKnownFileType = sourcecode.swift; path = ProjectOperations.swift; sourceTree = "<group>"; };
		D5AC2F8E204C64D50063688D /* SprintSetUpIndicatorView.swift */ = {isa = PBXFileReference; lastKnownFileType = sourcecode.swift; path = SprintSetUpIndicatorView.swift; sourceTree = "<group>"; };
		D5AF0540203EFDBF009BBF6D /* ProjectCreationViewController.swift */ = {isa = PBXFileReference; lastKnownFileType = sourcecode.swift; path = ProjectCreationViewController.swift; sourceTree = "<group>"; };
		D5C5F9A7205EDF31008F16C8 /* SprintSetUpViewController.swift */ = {isa = PBXFileReference; lastKnownFileType = sourcecode.swift; path = SprintSetUpViewController.swift; sourceTree = "<group>"; };
		D5E20E162068045B004ED500 /* TaskUpdateViewController.swift */ = {isa = PBXFileReference; lastKnownFileType = sourcecode.swift; path = TaskUpdateViewController.swift; sourceTree = "<group>"; };
		D5E20E1820681418004ED500 /* HourSelectionTableViewCell.swift */ = {isa = PBXFileReference; lastKnownFileType = sourcecode.swift; path = HourSelectionTableViewCell.swift; sourceTree = "<group>"; };
		D5E8749D203FA35700FEA751 /* DatabaseProxy.swift */ = {isa = PBXFileReference; lastKnownFileType = sourcecode.swift; path = DatabaseProxy.swift; sourceTree = "<group>"; };
		D5E8749F203FB99C00FEA751 /* TaskTableViewCell.swift */ = {isa = PBXFileReference; lastKnownFileType = sourcecode.swift; path = TaskTableViewCell.swift; sourceTree = "<group>"; };
		D5E874A1203FE79A00FEA751 /* TaskCreationViewController.swift */ = {isa = PBXFileReference; lastKnownFileType = sourcecode.swift; path = TaskCreationViewController.swift; sourceTree = "<group>"; };
		D5E874A32043925700FEA751 /* ViewControllerLifeCycleState.swift */ = {isa = PBXFileReference; lastKnownFileType = sourcecode.swift; path = ViewControllerLifeCycleState.swift; sourceTree = "<group>"; };
		D5F179042077137B008DE8E8 /* Updates.swift */ = {isa = PBXFileReference; lastKnownFileType = sourcecode.swift; path = Updates.swift; sourceTree = "<group>"; };
		D5F17906207853B3008DE8E8 /* UITableView+TableViewUpdates.swift */ = {isa = PBXFileReference; lastKnownFileType = sourcecode.swift; path = "UITableView+TableViewUpdates.swift"; sourceTree = "<group>"; };
		D9E6032FA2599969CAA6330C /* Pods-TaskIt.release.xcconfig */ = {isa = PBXFileReference; includeInIndex = 1; lastKnownFileType = text.xcconfig; name = "Pods-TaskIt.release.xcconfig"; path = "Pods/Target Support Files/Pods-TaskIt/Pods-TaskIt.release.xcconfig"; sourceTree = "<group>"; };
		FA3FEDCE3F47D68D360B4869 /* Pods-TaskItTests.release.xcconfig */ = {isa = PBXFileReference; includeInIndex = 1; lastKnownFileType = text.xcconfig; name = "Pods-TaskItTests.release.xcconfig"; path = "Pods/Target Support Files/Pods-TaskItTests/Pods-TaskItTests.release.xcconfig"; sourceTree = "<group>"; };
/* End PBXFileReference section */

/* Begin PBXFrameworksBuildPhase section */
		D566DE92200C6EF500A8DDA0 /* Frameworks */ = {
			isa = PBXFrameworksBuildPhase;
			buildActionMask = 2147483647;
			files = (
				082D628B5D47250F5BDB2844 /* Pods_TaskIt.framework in Frameworks */,
			);
			runOnlyForDeploymentPostprocessing = 0;
		};
		D566DEA6200C6EF500A8DDA0 /* Frameworks */ = {
			isa = PBXFrameworksBuildPhase;
			buildActionMask = 2147483647;
			files = (
				02D25E97BD9934614EF4ABB1 /* Pods_TaskItTests.framework in Frameworks */,
			);
			runOnlyForDeploymentPostprocessing = 0;
		};
/* End PBXFrameworksBuildPhase section */

/* Begin PBXGroup section */
		002A7049B6CCF7C2276459B9 /* Pods */ = {
			isa = PBXGroup;
			children = (
				1BD961BB742161D3DCD537CC /* Pods-TaskIt.debug.xcconfig */,
				D9E6032FA2599969CAA6330C /* Pods-TaskIt.release.xcconfig */,
				BC8984AB912EE7EE431B08B6 /* Pods-TaskItTests.debug.xcconfig */,
				FA3FEDCE3F47D68D360B4869 /* Pods-TaskItTests.release.xcconfig */,
			);
			name = Pods;
			sourceTree = "<group>";
		};
		49732F81C4BF190E04E76FDA /* Frameworks */ = {
			isa = PBXGroup;
			children = (
				947C45ACBF3C62356C48F8DA /* Pods_TaskIt.framework */,
				8112960551C27925940838C1 /* Pods_TaskItTests.framework */,
			);
			name = Frameworks;
			sourceTree = "<group>";
		};
		D51435C2203A3C1F00016DD3 /* Database */ = {
			isa = PBXGroup;
			children = (
				D51435C3203A3C3E00016DD3 /* Task.swift */,
				D51D2C3A203B6A6C00AA371C /* RealmFactory.swift */,
				D5E8749D203FA35700FEA751 /* DatabaseProxy.swift */,
				D5AC2F8C204C52540063688D /* ProjectOperations.swift */,
			);
			path = Database;
			sourceTree = "<group>";
		};
		D51D2C3C203B6CEE00AA371C /* RxSwift+Extensions */ = {
			isa = PBXGroup;
			children = (
				D51D2C3D203B6D1400AA371C /* Observable+SubscribeNext.swift */,
			);
			path = "RxSwift+Extensions";
			sourceTree = "<group>";
		};
		D51D2C3F203B702000AA371C /* DispatchQueue+Extensions */ = {
			isa = PBXGroup;
			children = (
				D51D2C40203B705900AA371C /* DispatchQueue+OnMain.swift */,
			);
			path = "DispatchQueue+Extensions";
			sourceTree = "<group>";
		};
		D51D2C42203B9F6300AA371C /* ViewControllers */ = {
			isa = PBXGroup;
			children = (
				D546C3B82096969F0011C88A /* Coordinator */,
				D546C3B7209696720011C88A /* UI Updates */,
				D51D2C45203BA58A00AA371C /* Custom Views */,
				D566DE9A200C6EF500A8DDA0 /* DashboardBaseViewController.swift */,
				D51D2C43203B9FA100AA371C /* DashboardDetailViewController.swift */,
				D5AF0540203EFDBF009BBF6D /* ProjectCreationViewController.swift */,
				D5E874A1203FE79A00FEA751 /* TaskCreationViewController.swift */,
				D5E20E162068045B004ED500 /* TaskUpdateViewController.swift */,
				D5510F462071BD9E00682E62 /* TaskUpdateViewController+ViewModel.swift */,
				D5C5F9A7205EDF31008F16C8 /* SprintSetUpViewController.swift */,
				D5884B2320731D7E00B5FDF5 /* SprintConfirmationViewController.swift */,
				D56443C620868C560067DD23 /* AllTasksManagingViewController.swift */,
				D546C3B120952BC50011C88A /* ProjectCompletionViewController.swift */,
				817B605520A29862003CAF5F /* ProjectHistoryViewController.swift */,
			);
			path = ViewControllers;
			sourceTree = "<group>";
		};
		D51D2C45203BA58A00AA371C /* Custom Views */ = {
			isa = PBXGroup;
			children = (
				D51D2C46203BA78B00AA371C /* GraphView.swift */,
				D546C3B5209675020011C88A /* GradientView.swift */,
				D5E8749F203FB99C00FEA751 /* TaskTableViewCell.swift */,
				D5AC2F8E204C64D50063688D /* SprintSetUpIndicatorView.swift */,
				D5185BB1205709B200140395 /* TapRecognizingView.swift */,
				D5E20E1820681418004ED500 /* HourSelectionTableViewCell.swift */,
				D5510F4220719ABE00682E62 /* TaskStateShuffleView.swift */,
				D56443C82086A10B0067DD23 /* TasksHeaderView.swift */,
				817B60322097803B003CAF5F /* StatsView.swift */,
				817B603E20A00D86003CAF5F /* HistoryView.swift */,
				817B604020A00E69003CAF5F /* HistoryCollectionViewCell.swift */,
			);
			path = "Custom Views";
			sourceTree = "<group>";
		};
		D51D2C48203BA7C500AA371C /* UI-Extensions */ = {
			isa = PBXGroup;
			children = (
				D51D2C49203BA7E900AA371C /* UIColor+Hex.swift */,
				817B603A209FC12A003CAF5F /* UIImage+Insets.swift */,
				817B603C209FC4A5003CAF5F /* UIFont+CustomFonts.swift */,
			);
			path = "UI-Extensions";
			sourceTree = "<group>";
		};
		D546C3B7209696720011C88A /* UI Updates */ = {
			isa = PBXGroup;
			children = (
				D5510F442071A89900682E62 /* AnimationConstraints.swift */,
				D5F179042077137B008DE8E8 /* Updates.swift */,
				D5F17906207853B3008DE8E8 /* UITableView+TableViewUpdates.swift */,
				D5E874A32043925700FEA751 /* ViewControllerLifeCycleState.swift */,
			);
			path = "UI Updates";
			sourceTree = "<group>";
		};
		D546C3B82096969F0011C88A /* Coordinator */ = {
			isa = PBXGroup;
			children = (
				D546C3B3209648590011C88A /* EmbedCoordinator.swift */,
			);
			path = Coordinator;
			sourceTree = "<group>";
		};
		D566DE8C200C6EF500A8DDA0 = {
			isa = PBXGroup;
			children = (
				D566DE97200C6EF500A8DDA0 /* TaskIt */,
				D566DEAC200C6EF500A8DDA0 /* TaskItTests */,
				D566DE96200C6EF500A8DDA0 /* Products */,
				002A7049B6CCF7C2276459B9 /* Pods */,
				49732F81C4BF190E04E76FDA /* Frameworks */,
			);
			sourceTree = "<group>";
		};
		D566DE96200C6EF500A8DDA0 /* Products */ = {
			isa = PBXGroup;
			children = (
				D566DE95200C6EF500A8DDA0 /* TaskIt.app */,
				D566DEA9200C6EF500A8DDA0 /* TaskItTests.xctest */,
			);
			name = Products;
			sourceTree = "<group>";
		};
		D566DE97200C6EF500A8DDA0 /* TaskIt */ = {
			isa = PBXGroup;
			children = (
				D51D2C48203BA7C500AA371C /* UI-Extensions */,
				D51D2C42203B9F6300AA371C /* ViewControllers */,
				D51D2C3F203B702000AA371C /* DispatchQueue+Extensions */,
				D51D2C3C203B6CEE00AA371C /* RxSwift+Extensions */,
				D51435C2203A3C1F00016DD3 /* Database */,
				D566DE98200C6EF500A8DDA0 /* AppDelegate.swift */,
				D566DE9C200C6EF500A8DDA0 /* Main.storyboard */,
				D566DE9F200C6EF500A8DDA0 /* Assets.xcassets */,
				D566DEA1200C6EF500A8DDA0 /* LaunchScreen.storyboard */,
				D566DEA4200C6EF500A8DDA0 /* Info.plist */,
			);
			path = TaskIt;
			sourceTree = "<group>";
		};
		D566DEAC200C6EF500A8DDA0 /* TaskItTests */ = {
			isa = PBXGroup;
			children = (
				D566DEAD200C6EF500A8DDA0 /* TaskItTests.swift */,
				D566DEAF200C6EF500A8DDA0 /* Info.plist */,
			);
			path = TaskItTests;
			sourceTree = "<group>";
		};
/* End PBXGroup section */

/* Begin PBXNativeTarget section */
		D566DE94200C6EF500A8DDA0 /* TaskIt */ = {
			isa = PBXNativeTarget;
			buildConfigurationList = D566DEB2200C6EF500A8DDA0 /* Build configuration list for PBXNativeTarget "TaskIt" */;
			buildPhases = (
				8CE81EA88396F4887FFEF05E /* [CP] Check Pods Manifest.lock */,
				D566DE91200C6EF500A8DDA0 /* Sources */,
				D566DE92200C6EF500A8DDA0 /* Frameworks */,
				D566DE93200C6EF500A8DDA0 /* Resources */,
				53C8E866EACB65CAEFAFA449 /* [CP] Embed Pods Frameworks */,
				75976FA0E353D16CF59DF5EC /* [CP] Copy Pods Resources */,
			);
			buildRules = (
			);
			dependencies = (
			);
			name = TaskIt;
			productName = TaskIt;
			productReference = D566DE95200C6EF500A8DDA0 /* TaskIt.app */;
			productType = "com.apple.product-type.application";
		};
		D566DEA8200C6EF500A8DDA0 /* TaskItTests */ = {
			isa = PBXNativeTarget;
			buildConfigurationList = D566DEB5200C6EF500A8DDA0 /* Build configuration list for PBXNativeTarget "TaskItTests" */;
			buildPhases = (
				92FA028DE50A4F86CE6C9753 /* [CP] Check Pods Manifest.lock */,
				D566DEA5200C6EF500A8DDA0 /* Sources */,
				D566DEA6200C6EF500A8DDA0 /* Frameworks */,
				D566DEA7200C6EF500A8DDA0 /* Resources */,
				531716742FDC54126FEA265E /* [CP] Embed Pods Frameworks */,
				55A2860A1FE0611007B6A675 /* [CP] Copy Pods Resources */,
			);
			buildRules = (
			);
			dependencies = (
				D566DEAB200C6EF500A8DDA0 /* PBXTargetDependency */,
			);
			name = TaskItTests;
			productName = TaskItTests;
			productReference = D566DEA9200C6EF500A8DDA0 /* TaskItTests.xctest */;
			productType = "com.apple.product-type.bundle.unit-test";
		};
/* End PBXNativeTarget section */

/* Begin PBXProject section */
		D566DE8D200C6EF500A8DDA0 /* Project object */ = {
			isa = PBXProject;
			attributes = {
				LastSwiftUpdateCheck = 0920;
				LastUpgradeCheck = 0920;
				ORGANIZATIONNAME = vhart;
				TargetAttributes = {
					D566DE94200C6EF500A8DDA0 = {
						CreatedOnToolsVersion = 9.2;
						ProvisioningStyle = Automatic;
					};
					D566DEA8200C6EF500A8DDA0 = {
						CreatedOnToolsVersion = 9.2;
						ProvisioningStyle = Automatic;
						TestTargetID = D566DE94200C6EF500A8DDA0;
					};
				};
			};
			buildConfigurationList = D566DE90200C6EF500A8DDA0 /* Build configuration list for PBXProject "TaskIt" */;
			compatibilityVersion = "Xcode 8.0";
			developmentRegion = en;
			hasScannedForEncodings = 0;
			knownRegions = (
				en,
				Base,
			);
			mainGroup = D566DE8C200C6EF500A8DDA0;
			productRefGroup = D566DE96200C6EF500A8DDA0 /* Products */;
			projectDirPath = "";
			projectRoot = "";
			targets = (
				D566DE94200C6EF500A8DDA0 /* TaskIt */,
				D566DEA8200C6EF500A8DDA0 /* TaskItTests */,
			);
		};
/* End PBXProject section */

/* Begin PBXResourcesBuildPhase section */
		D566DE93200C6EF500A8DDA0 /* Resources */ = {
			isa = PBXResourcesBuildPhase;
			buildActionMask = 2147483647;
			files = (
				D566DEA3200C6EF500A8DDA0 /* LaunchScreen.storyboard in Resources */,
				D566DEA0200C6EF500A8DDA0 /* Assets.xcassets in Resources */,
				D566DE9E200C6EF500A8DDA0 /* Main.storyboard in Resources */,
			);
			runOnlyForDeploymentPostprocessing = 0;
		};
		D566DEA7200C6EF500A8DDA0 /* Resources */ = {
			isa = PBXResourcesBuildPhase;
			buildActionMask = 2147483647;
			files = (
			);
			runOnlyForDeploymentPostprocessing = 0;
		};
/* End PBXResourcesBuildPhase section */

/* Begin PBXShellScriptBuildPhase section */
		531716742FDC54126FEA265E /* [CP] Embed Pods Frameworks */ = {
			isa = PBXShellScriptBuildPhase;
			buildActionMask = 2147483647;
			files = (
			);
			inputPaths = (
				"${SRCROOT}/Pods/Target Support Files/Pods-TaskItTests/Pods-TaskItTests-frameworks.sh",
				"${BUILT_PRODUCTS_DIR}/Realm/Realm.framework",
				"${BUILT_PRODUCTS_DIR}/RealmSwift/RealmSwift.framework",
				"${BUILT_PRODUCTS_DIR}/RxSwift/RxSwift.framework",
				"${BUILT_PRODUCTS_DIR}/Nimble/Nimble.framework",
				"${BUILT_PRODUCTS_DIR}/Quick/Quick.framework",
			);
			name = "[CP] Embed Pods Frameworks";
			outputPaths = (
				"${TARGET_BUILD_DIR}/${FRAMEWORKS_FOLDER_PATH}/Realm.framework",
				"${TARGET_BUILD_DIR}/${FRAMEWORKS_FOLDER_PATH}/RealmSwift.framework",
				"${TARGET_BUILD_DIR}/${FRAMEWORKS_FOLDER_PATH}/RxSwift.framework",
				"${TARGET_BUILD_DIR}/${FRAMEWORKS_FOLDER_PATH}/Nimble.framework",
				"${TARGET_BUILD_DIR}/${FRAMEWORKS_FOLDER_PATH}/Quick.framework",
			);
			runOnlyForDeploymentPostprocessing = 0;
			shellPath = /bin/sh;
			shellScript = "\"${SRCROOT}/Pods/Target Support Files/Pods-TaskItTests/Pods-TaskItTests-frameworks.sh\"\n";
			showEnvVarsInLog = 0;
		};
		53C8E866EACB65CAEFAFA449 /* [CP] Embed Pods Frameworks */ = {
			isa = PBXShellScriptBuildPhase;
			buildActionMask = 2147483647;
			files = (
			);
			inputPaths = (
				"${SRCROOT}/Pods/Target Support Files/Pods-TaskIt/Pods-TaskIt-frameworks.sh",
				"${BUILT_PRODUCTS_DIR}/Realm/Realm.framework",
				"${BUILT_PRODUCTS_DIR}/RealmSwift/RealmSwift.framework",
				"${BUILT_PRODUCTS_DIR}/RxSwift/RxSwift.framework",
			);
			name = "[CP] Embed Pods Frameworks";
			outputPaths = (
				"${TARGET_BUILD_DIR}/${FRAMEWORKS_FOLDER_PATH}/Realm.framework",
				"${TARGET_BUILD_DIR}/${FRAMEWORKS_FOLDER_PATH}/RealmSwift.framework",
				"${TARGET_BUILD_DIR}/${FRAMEWORKS_FOLDER_PATH}/RxSwift.framework",
			);
			runOnlyForDeploymentPostprocessing = 0;
			shellPath = /bin/sh;
			shellScript = "\"${SRCROOT}/Pods/Target Support Files/Pods-TaskIt/Pods-TaskIt-frameworks.sh\"\n";
			showEnvVarsInLog = 0;
		};
		55A2860A1FE0611007B6A675 /* [CP] Copy Pods Resources */ = {
			isa = PBXShellScriptBuildPhase;
			buildActionMask = 2147483647;
			files = (
			);
			inputPaths = (
			);
			name = "[CP] Copy Pods Resources";
			outputPaths = (
			);
			runOnlyForDeploymentPostprocessing = 0;
			shellPath = /bin/sh;
			shellScript = "\"${SRCROOT}/Pods/Target Support Files/Pods-TaskItTests/Pods-TaskItTests-resources.sh\"\n";
			showEnvVarsInLog = 0;
		};
		75976FA0E353D16CF59DF5EC /* [CP] Copy Pods Resources */ = {
			isa = PBXShellScriptBuildPhase;
			buildActionMask = 2147483647;
			files = (
			);
			inputPaths = (
			);
			name = "[CP] Copy Pods Resources";
			outputPaths = (
			);
			runOnlyForDeploymentPostprocessing = 0;
			shellPath = /bin/sh;
			shellScript = "\"${SRCROOT}/Pods/Target Support Files/Pods-TaskIt/Pods-TaskIt-resources.sh\"\n";
			showEnvVarsInLog = 0;
		};
		8CE81EA88396F4887FFEF05E /* [CP] Check Pods Manifest.lock */ = {
			isa = PBXShellScriptBuildPhase;
			buildActionMask = 2147483647;
			files = (
			);
			inputPaths = (
				"${PODS_PODFILE_DIR_PATH}/Podfile.lock",
				"${PODS_ROOT}/Manifest.lock",
			);
			name = "[CP] Check Pods Manifest.lock";
			outputPaths = (
				"$(DERIVED_FILE_DIR)/Pods-TaskIt-checkManifestLockResult.txt",
			);
			runOnlyForDeploymentPostprocessing = 0;
			shellPath = /bin/sh;
			shellScript = "diff \"${PODS_PODFILE_DIR_PATH}/Podfile.lock\" \"${PODS_ROOT}/Manifest.lock\" > /dev/null\nif [ $? != 0 ] ; then\n    # print error to STDERR\n    echo \"error: The sandbox is not in sync with the Podfile.lock. Run 'pod install' or update your CocoaPods installation.\" >&2\n    exit 1\nfi\n# This output is used by Xcode 'outputs' to avoid re-running this script phase.\necho \"SUCCESS\" > \"${SCRIPT_OUTPUT_FILE_0}\"\n";
			showEnvVarsInLog = 0;
		};
		92FA028DE50A4F86CE6C9753 /* [CP] Check Pods Manifest.lock */ = {
			isa = PBXShellScriptBuildPhase;
			buildActionMask = 2147483647;
			files = (
			);
			inputPaths = (
				"${PODS_PODFILE_DIR_PATH}/Podfile.lock",
				"${PODS_ROOT}/Manifest.lock",
			);
			name = "[CP] Check Pods Manifest.lock";
			outputPaths = (
				"$(DERIVED_FILE_DIR)/Pods-TaskItTests-checkManifestLockResult.txt",
			);
			runOnlyForDeploymentPostprocessing = 0;
			shellPath = /bin/sh;
			shellScript = "diff \"${PODS_PODFILE_DIR_PATH}/Podfile.lock\" \"${PODS_ROOT}/Manifest.lock\" > /dev/null\nif [ $? != 0 ] ; then\n    # print error to STDERR\n    echo \"error: The sandbox is not in sync with the Podfile.lock. Run 'pod install' or update your CocoaPods installation.\" >&2\n    exit 1\nfi\n# This output is used by Xcode 'outputs' to avoid re-running this script phase.\necho \"SUCCESS\" > \"${SCRIPT_OUTPUT_FILE_0}\"\n";
			showEnvVarsInLog = 0;
		};
/* End PBXShellScriptBuildPhase section */

/* Begin PBXSourcesBuildPhase section */
		D566DE91200C6EF500A8DDA0 /* Sources */ = {
			isa = PBXSourcesBuildPhase;
			buildActionMask = 2147483647;
			files = (
				D546C3B4209648590011C88A /* EmbedCoordinator.swift in Sources */,
				D5E874A2203FE79A00FEA751 /* TaskCreationViewController.swift in Sources */,
				D546C3B220952BC50011C88A /* ProjectCompletionViewController.swift in Sources */,
				D5AC2F8D204C52540063688D /* ProjectOperations.swift in Sources */,
				D5510F4320719ABE00682E62 /* TaskStateShuffleView.swift in Sources */,
				D5AC2F8F204C64D50063688D /* SprintSetUpIndicatorView.swift in Sources */,
				D5884B2420731D7E00B5FDF5 /* SprintConfirmationViewController.swift in Sources */,
				817B603F20A00D86003CAF5F /* HistoryView.swift in Sources */,
				D5E874A42043925700FEA751 /* ViewControllerLifeCycleState.swift in Sources */,
				817B603D209FC4A5003CAF5F /* UIFont+CustomFonts.swift in Sources */,
				D51D2C44203B9FA100AA371C /* DashboardDetailViewController.swift in Sources */,
				D5E20E1920681418004ED500 /* HourSelectionTableViewCell.swift in Sources */,
				D5E20E172068045B004ED500 /* TaskUpdateViewController.swift in Sources */,
				D51435C4203A3C3E00016DD3 /* Task.swift in Sources */,
				817B60332097803B003CAF5F /* StatsView.swift in Sources */,
				817B603B209FC12A003CAF5F /* UIImage+Insets.swift in Sources */,
				D51D2C3E203B6D1400AA371C /* Observable+SubscribeNext.swift in Sources */,
				D5F179052077137B008DE8E8 /* Updates.swift in Sources */,
				D51D2C4A203BA7E900AA371C /* UIColor+Hex.swift in Sources */,
				D5C5F9A8205EDF31008F16C8 /* SprintSetUpViewController.swift in Sources */,
				D566DE9B200C6EF500A8DDA0 /* DashboardBaseViewController.swift in Sources */,
				D5AF0541203EFDBF009BBF6D /* ProjectCreationViewController.swift in Sources */,
				D5510F472071BD9E00682E62 /* TaskUpdateViewController+ViewModel.swift in Sources */,
				817B604120A00E69003CAF5F /* HistoryCollectionViewCell.swift in Sources */,
				D5185BB2205709B200140395 /* TapRecognizingView.swift in Sources */,
				D546C3B6209675020011C88A /* GradientView.swift in Sources */,
				817B605620A29862003CAF5F /* ProjectHistoryViewController.swift in Sources */,
				D51D2C41203B705900AA371C /* DispatchQueue+OnMain.swift in Sources */,
				D5F17907207853B3008DE8E8 /* UITableView+TableViewUpdates.swift in Sources */,
				D5510F452071A89900682E62 /* AnimationConstraints.swift in Sources */,
				D56443C720868C560067DD23 /* AllTasksManagingViewController.swift in Sources */,
				D51D2C3B203B6A6C00AA371C /* RealmFactory.swift in Sources */,
				D5E874A0203FB99C00FEA751 /* TaskTableViewCell.swift in Sources */,
				D566DE99200C6EF500A8DDA0 /* AppDelegate.swift in Sources */,
				D51D2C47203BA78B00AA371C /* GraphView.swift in Sources */,
				D56443C92086A10B0067DD23 /* TasksHeaderView.swift in Sources */,
				D5E8749E203FA35700FEA751 /* DatabaseProxy.swift in Sources */,
			);
			runOnlyForDeploymentPostprocessing = 0;
		};
		D566DEA5200C6EF500A8DDA0 /* Sources */ = {
			isa = PBXSourcesBuildPhase;
			buildActionMask = 2147483647;
			files = (
				D566DEAE200C6EF500A8DDA0 /* TaskItTests.swift in Sources */,
			);
			runOnlyForDeploymentPostprocessing = 0;
		};
/* End PBXSourcesBuildPhase section */

/* Begin PBXTargetDependency section */
		D566DEAB200C6EF500A8DDA0 /* PBXTargetDependency */ = {
			isa = PBXTargetDependency;
			target = D566DE94200C6EF500A8DDA0 /* TaskIt */;
			targetProxy = D566DEAA200C6EF500A8DDA0 /* PBXContainerItemProxy */;
		};
/* End PBXTargetDependency section */

/* Begin PBXVariantGroup section */
		D566DE9C200C6EF500A8DDA0 /* Main.storyboard */ = {
			isa = PBXVariantGroup;
			children = (
				D566DE9D200C6EF500A8DDA0 /* Base */,
			);
			name = Main.storyboard;
			sourceTree = "<group>";
		};
		D566DEA1200C6EF500A8DDA0 /* LaunchScreen.storyboard */ = {
			isa = PBXVariantGroup;
			children = (
				D566DEA2200C6EF500A8DDA0 /* Base */,
			);
			name = LaunchScreen.storyboard;
			sourceTree = "<group>";
		};
/* End PBXVariantGroup section */

/* Begin XCBuildConfiguration section */
		D566DEB0200C6EF500A8DDA0 /* Debug */ = {
			isa = XCBuildConfiguration;
			buildSettings = {
				ALWAYS_SEARCH_USER_PATHS = NO;
				CLANG_ANALYZER_NONNULL = YES;
				CLANG_ANALYZER_NUMBER_OBJECT_CONVERSION = YES_AGGRESSIVE;
				CLANG_CXX_LANGUAGE_STANDARD = "gnu++14";
				CLANG_CXX_LIBRARY = "libc++";
				CLANG_ENABLE_MODULES = YES;
				CLANG_ENABLE_OBJC_ARC = YES;
				CLANG_WARN_BLOCK_CAPTURE_AUTORELEASING = YES;
				CLANG_WARN_BOOL_CONVERSION = YES;
				CLANG_WARN_COMMA = YES;
				CLANG_WARN_CONSTANT_CONVERSION = YES;
				CLANG_WARN_DIRECT_OBJC_ISA_USAGE = YES_ERROR;
				CLANG_WARN_DOCUMENTATION_COMMENTS = YES;
				CLANG_WARN_EMPTY_BODY = YES;
				CLANG_WARN_ENUM_CONVERSION = YES;
				CLANG_WARN_INFINITE_RECURSION = YES;
				CLANG_WARN_INT_CONVERSION = YES;
				CLANG_WARN_NON_LITERAL_NULL_CONVERSION = YES;
				CLANG_WARN_OBJC_LITERAL_CONVERSION = YES;
				CLANG_WARN_OBJC_ROOT_CLASS = YES_ERROR;
				CLANG_WARN_RANGE_LOOP_ANALYSIS = YES;
				CLANG_WARN_STRICT_PROTOTYPES = YES;
				CLANG_WARN_SUSPICIOUS_MOVE = YES;
				CLANG_WARN_UNGUARDED_AVAILABILITY = YES_AGGRESSIVE;
				CLANG_WARN_UNREACHABLE_CODE = YES;
				CLANG_WARN__DUPLICATE_METHOD_MATCH = YES;
				CODE_SIGN_IDENTITY = "iPhone Developer";
				COPY_PHASE_STRIP = NO;
				DEBUG_INFORMATION_FORMAT = dwarf;
				ENABLE_STRICT_OBJC_MSGSEND = YES;
				ENABLE_TESTABILITY = YES;
				GCC_C_LANGUAGE_STANDARD = gnu11;
				GCC_DYNAMIC_NO_PIC = NO;
				GCC_NO_COMMON_BLOCKS = YES;
				GCC_OPTIMIZATION_LEVEL = 0;
				GCC_PREPROCESSOR_DEFINITIONS = (
					"DEBUG=1",
					"$(inherited)",
				);
				GCC_WARN_64_TO_32_BIT_CONVERSION = YES;
				GCC_WARN_ABOUT_RETURN_TYPE = YES_ERROR;
				GCC_WARN_UNDECLARED_SELECTOR = YES;
				GCC_WARN_UNINITIALIZED_AUTOS = YES_AGGRESSIVE;
				GCC_WARN_UNUSED_FUNCTION = YES;
				GCC_WARN_UNUSED_VARIABLE = YES;
				IPHONEOS_DEPLOYMENT_TARGET = 11.2;
				MTL_ENABLE_DEBUG_INFO = YES;
				ONLY_ACTIVE_ARCH = YES;
				SDKROOT = iphoneos;
				SWIFT_ACTIVE_COMPILATION_CONDITIONS = DEBUG;
				SWIFT_OPTIMIZATION_LEVEL = "-Onone";
			};
			name = Debug;
		};
		D566DEB1200C6EF500A8DDA0 /* Release */ = {
			isa = XCBuildConfiguration;
			buildSettings = {
				ALWAYS_SEARCH_USER_PATHS = NO;
				CLANG_ANALYZER_NONNULL = YES;
				CLANG_ANALYZER_NUMBER_OBJECT_CONVERSION = YES_AGGRESSIVE;
				CLANG_CXX_LANGUAGE_STANDARD = "gnu++14";
				CLANG_CXX_LIBRARY = "libc++";
				CLANG_ENABLE_MODULES = YES;
				CLANG_ENABLE_OBJC_ARC = YES;
				CLANG_WARN_BLOCK_CAPTURE_AUTORELEASING = YES;
				CLANG_WARN_BOOL_CONVERSION = YES;
				CLANG_WARN_COMMA = YES;
				CLANG_WARN_CONSTANT_CONVERSION = YES;
				CLANG_WARN_DIRECT_OBJC_ISA_USAGE = YES_ERROR;
				CLANG_WARN_DOCUMENTATION_COMMENTS = YES;
				CLANG_WARN_EMPTY_BODY = YES;
				CLANG_WARN_ENUM_CONVERSION = YES;
				CLANG_WARN_INFINITE_RECURSION = YES;
				CLANG_WARN_INT_CONVERSION = YES;
				CLANG_WARN_NON_LITERAL_NULL_CONVERSION = YES;
				CLANG_WARN_OBJC_LITERAL_CONVERSION = YES;
				CLANG_WARN_OBJC_ROOT_CLASS = YES_ERROR;
				CLANG_WARN_RANGE_LOOP_ANALYSIS = YES;
				CLANG_WARN_STRICT_PROTOTYPES = YES;
				CLANG_WARN_SUSPICIOUS_MOVE = YES;
				CLANG_WARN_UNGUARDED_AVAILABILITY = YES_AGGRESSIVE;
				CLANG_WARN_UNREACHABLE_CODE = YES;
				CLANG_WARN__DUPLICATE_METHOD_MATCH = YES;
				CODE_SIGN_IDENTITY = "iPhone Developer";
				COPY_PHASE_STRIP = NO;
				DEBUG_INFORMATION_FORMAT = "dwarf-with-dsym";
				ENABLE_NS_ASSERTIONS = NO;
				ENABLE_STRICT_OBJC_MSGSEND = YES;
				GCC_C_LANGUAGE_STANDARD = gnu11;
				GCC_NO_COMMON_BLOCKS = YES;
				GCC_WARN_64_TO_32_BIT_CONVERSION = YES;
				GCC_WARN_ABOUT_RETURN_TYPE = YES_ERROR;
				GCC_WARN_UNDECLARED_SELECTOR = YES;
				GCC_WARN_UNINITIALIZED_AUTOS = YES_AGGRESSIVE;
				GCC_WARN_UNUSED_FUNCTION = YES;
				GCC_WARN_UNUSED_VARIABLE = YES;
				IPHONEOS_DEPLOYMENT_TARGET = 11.2;
				MTL_ENABLE_DEBUG_INFO = NO;
				SDKROOT = iphoneos;
				SWIFT_OPTIMIZATION_LEVEL = "-Owholemodule";
				VALIDATE_PRODUCT = YES;
			};
			name = Release;
		};
		D566DEB3200C6EF500A8DDA0 /* Debug */ = {
			isa = XCBuildConfiguration;
			baseConfigurationReference = 1BD961BB742161D3DCD537CC /* Pods-TaskIt.debug.xcconfig */;
			buildSettings = {
				ASSETCATALOG_COMPILER_APPICON_NAME = AppIcon;
				CODE_SIGN_STYLE = Automatic;
				DEVELOPMENT_TEAM = 3L76772298;
				INFOPLIST_FILE = TaskIt/Info.plist;
				IPHONEOS_DEPLOYMENT_TARGET = 11.0;
				LD_RUNPATH_SEARCH_PATHS = "$(inherited) @executable_path/Frameworks";
				PRODUCT_BUNDLE_IDENTIFIER = com.vhart.TaskIt;
				PRODUCT_NAME = "$(TARGET_NAME)";
				SWIFT_VERSION = 4.0;
				TARGETED_DEVICE_FAMILY = "1,2";
			};
			name = Debug;
		};
		D566DEB4200C6EF500A8DDA0 /* Release */ = {
			isa = XCBuildConfiguration;
			baseConfigurationReference = D9E6032FA2599969CAA6330C /* Pods-TaskIt.release.xcconfig */;
			buildSettings = {
				ASSETCATALOG_COMPILER_APPICON_NAME = AppIcon;
				CODE_SIGN_STYLE = Automatic;
				DEVELOPMENT_TEAM = 3L76772298;
				INFOPLIST_FILE = TaskIt/Info.plist;
				IPHONEOS_DEPLOYMENT_TARGET = 11.0;
				LD_RUNPATH_SEARCH_PATHS = "$(inherited) @executable_path/Frameworks";
				PRODUCT_BUNDLE_IDENTIFIER = com.vhart.TaskIt;
				PRODUCT_NAME = "$(TARGET_NAME)";
				SWIFT_VERSION = 4.0;
				TARGETED_DEVICE_FAMILY = "1,2";
			};
			name = Release;
		};
		D566DEB6200C6EF500A8DDA0 /* Debug */ = {
			isa = XCBuildConfiguration;
			baseConfigurationReference = BC8984AB912EE7EE431B08B6 /* Pods-TaskItTests.debug.xcconfig */;
			buildSettings = {
				ALWAYS_EMBED_SWIFT_STANDARD_LIBRARIES = YES;
				BUNDLE_LOADER = "$(TEST_HOST)";
				CODE_SIGN_STYLE = Automatic;
				DEVELOPMENT_TEAM = 3L76772298;
				INFOPLIST_FILE = TaskItTests/Info.plist;
				LD_RUNPATH_SEARCH_PATHS = "$(inherited) @executable_path/Frameworks @loader_path/Frameworks";
				PRODUCT_BUNDLE_IDENTIFIER = com.vhart.TaskItTests;
				PRODUCT_NAME = "$(TARGET_NAME)";
				SWIFT_VERSION = 4.0;
				TARGETED_DEVICE_FAMILY = "1,2";
				TEST_HOST = "$(BUILT_PRODUCTS_DIR)/TaskIt.app/TaskIt";
			};
			name = Debug;
		};
		D566DEB7200C6EF500A8DDA0 /* Release */ = {
			isa = XCBuildConfiguration;
			baseConfigurationReference = FA3FEDCE3F47D68D360B4869 /* Pods-TaskItTests.release.xcconfig */;
			buildSettings = {
				ALWAYS_EMBED_SWIFT_STANDARD_LIBRARIES = YES;
				BUNDLE_LOADER = "$(TEST_HOST)";
				CODE_SIGN_STYLE = Automatic;
				DEVELOPMENT_TEAM = 3L76772298;
				INFOPLIST_FILE = TaskItTests/Info.plist;
				LD_RUNPATH_SEARCH_PATHS = "$(inherited) @executable_path/Frameworks @loader_path/Frameworks";
				PRODUCT_BUNDLE_IDENTIFIER = com.vhart.TaskItTests;
				PRODUCT_NAME = "$(TARGET_NAME)";
				SWIFT_VERSION = 4.0;
				TARGETED_DEVICE_FAMILY = "1,2";
				TEST_HOST = "$(BUILT_PRODUCTS_DIR)/TaskIt.app/TaskIt";
			};
			name = Release;
		};
/* End XCBuildConfiguration section */

/* Begin XCConfigurationList section */
		D566DE90200C6EF500A8DDA0 /* Build configuration list for PBXProject "TaskIt" */ = {
			isa = XCConfigurationList;
			buildConfigurations = (
				D566DEB0200C6EF500A8DDA0 /* Debug */,
				D566DEB1200C6EF500A8DDA0 /* Release */,
			);
			defaultConfigurationIsVisible = 0;
			defaultConfigurationName = Release;
		};
		D566DEB2200C6EF500A8DDA0 /* Build configuration list for PBXNativeTarget "TaskIt" */ = {
			isa = XCConfigurationList;
			buildConfigurations = (
				D566DEB3200C6EF500A8DDA0 /* Debug */,
				D566DEB4200C6EF500A8DDA0 /* Release */,
			);
			defaultConfigurationIsVisible = 0;
			defaultConfigurationName = Release;
		};
		D566DEB5200C6EF500A8DDA0 /* Build configuration list for PBXNativeTarget "TaskItTests" */ = {
			isa = XCConfigurationList;
			buildConfigurations = (
				D566DEB6200C6EF500A8DDA0 /* Debug */,
				D566DEB7200C6EF500A8DDA0 /* Release */,
			);
			defaultConfigurationIsVisible = 0;
			defaultConfigurationName = Release;
		};
/* End XCConfigurationList section */
	};
	rootObject = D566DE8D200C6EF500A8DDA0 /* Project object */;
}
